Microsoft Visual Studio Solution File, Format Version 8.00
Project("{8BC9CEB8-8B4A-11D0-8D11-00A0C91BC942}") = "CPPSockets", "CPPSockets.vcproj", "{6E9F9195-B86E-4BEE-BAF2-7DC5FFA573CB}"
	ProjectSection(ProjectDependencies) = postProject
	EndProjectSection
EndProject
Global
	GlobalSection(SolutionConfiguration) = preSolution
		Debug = Debug
		Release = Release
	EndGlobalSection
	GlobalSection(ProjectConfiguration) = postSolution
		{6E9F9195-B86E-4BEE-BAF2-7DC5FFA573CB}.Debug.ActiveCfg = Debug|Win32
		{6E9F9195-B86E-4BEE-BAF2-7DC5FFA573CB}.Debug.Build.0 = Debug|Win32
		{6E9F9195-B86E-4BEE-BAF2-7DC5FFA573CB}.Release.ActiveCfg = Release|Win32
		{6E9F9195-B86E-4BEE-BAF2-7DC5FFA573CB}.Release.Build.0 = Release|Win32
	EndGlobalSection
	GlobalSection(ExtensibilityGlobals) = postSolution
	EndGlobalSection
	GlobalSection(ExtensibilityAddIns) = postSolution
	EndGlobalSection
EndGlobal
